<Solution>
  <Folder Name="/ApexLegendsTracker.Web/">
    <Project Path="ApexLegendsTracker.Web/ApexLegendsTracker.Web.csproj" />
  </Folder>
  <Folder Name="/ApexLegendsTracker.Web/Tests/">
    <Project Path="ApexLegendsTracker.Web.Tests/ApexLegendsTracker.Web.Tests.csproj" />
  </Folder>
</Solution>
